
Microsoft Visual Studio Solution File, Format Version 12.00
# Visual Studio Version 16
VisualStudioVersion = 16.0.30002.166
MinimumVisualStudioVersion = 10.0.40219.1
Project("{FAE04EC0-301F-11D3-BF4B-00C04F79EFBC}") = "FilesQuickCompareTool", "FilesQuickCompareTool\FilesQuickCompareTool.csproj", "{78F4808D-555F-464F-9AB6-82F30D6A964E}"
EndProject
Global
	GlobalSection(SolutionConfigurationPlatforms) = preSolution
		Debug|Any CPU = Debug|Any CPU
		Release|Any CPU = Release|Any CPU
	EndGlobalSection
	GlobalSection(ProjectConfigurationPlatforms) = postSolution
		{78F4808D-555F-464F-9AB6-82F30D6A964E}.Debug|Any CPU.ActiveCfg = Debug|Any CPU
		{78F4808D-555F-464F-9AB6-82F30D6A964E}.Debug|Any CPU.Build.0 = Debug|Any CPU
		{78F4808D-555F-464F-9AB6-82F30D6A964E}.Release|Any CPU.ActiveCfg = Release|Any CPU
		{78F4808D-555F-464F-9AB6-82F30D6A964E}.Release|Any CPU.Build.0 = Release|Any CPU
	EndGlobalSection
	GlobalSection(SolutionProperties) = preSolution
		HideSolutionNode = FALSE
	EndGlobalSection
	GlobalSection(ExtensibilityGlobals) = postSolution
		SolutionGuid = {08D14A37-E1E1-40F3-9E43-F63B62FC4C84}
	EndGlobalSection
EndGlobal
